
Microsoft Visual Studio Solution File, Format Version 12.00
# Visual Studio Version 17
VisualStudioVersion = 17.4.33205.214
MinimumVisualStudioVersion = 10.0.40219.1
Project("{8BC9CEB8-8B4A-11D0-8D11-00A0C91BC942}") = "2023_1_1_C语言进阶_数据存储学习", "2023_1_1_C语言进阶_数据存储学习\2023_1_1_C语言进阶_数据存储学习.vcxproj", "{15A90611-56B1-455C-90DE-CB7BC733564D}"
EndProject
Global
	GlobalSection(SolutionConfigurationPlatforms) = preSolution
		Debug|x64 = Debug|x64
		Debug|x86 = Debug|x86
		Release|x64 = Release|x64
		Release|x86 = Release|x86
	EndGlobalSection
	GlobalSection(ProjectConfigurationPlatforms) = postSolution
		{15A90611-56B1-455C-90DE-CB7BC733564D}.Debug|x64.ActiveCfg = Debug|x64
		{15A90611-56B1-455C-90DE-CB7BC733564D}.Debug|x64.Build.0 = Debug|x64
		{15A90611-56B1-455C-90DE-CB7BC733564D}.Debug|x86.ActiveCfg = Debug|Win32
		{15A90611-56B1-455C-90DE-CB7BC733564D}.Debug|x86.Build.0 = Debug|Win32
		{15A90611-56B1-455C-90DE-CB7BC733564D}.Release|x64.ActiveCfg = Release|x64
		{15A90611-56B1-455C-90DE-CB7BC733564D}.Release|x64.Build.0 = Release|x64
		{15A90611-56B1-455C-90DE-CB7BC733564D}.Release|x86.ActiveCfg = Release|Win32
		{15A90611-56B1-455C-90DE-CB7BC733564D}.Release|x86.Build.0 = Release|Win32
	EndGlobalSection
	GlobalSection(SolutionProperties) = preSolution
		HideSolutionNode = FALSE
	EndGlobalSection
	GlobalSection(ExtensibilityGlobals) = postSolution
		SolutionGuid = {A2F0EF8A-3CB6-4DAA-B291-227CFE9BBCA5}
	EndGlobalSection
EndGlobal
